
Microsoft Visual Studio Solution File, Format Version 12.00
# Visual Studio 15
VisualStudioVersion = 15.0.26430.6
MinimumVisualStudioVersion = 10.0.40219.1
Project("{FAE04EC0-301F-11D3-BF4B-00C04F79EFBC}") = "HOI4_Modding_Helper", "HOI4_Modding_Helper\HOI4_Modding_Helper.csproj", "{CA9B1E6A-85F7-48C8-A970-915B7AC22403}"
EndProject
Global
	GlobalSection(SolutionConfigurationPlatforms) = preSolution
		Debug|Any CPU = Debug|Any CPU
		Release|Any CPU = Release|Any CPU
	EndGlobalSection
	GlobalSection(ProjectConfigurationPlatforms) = postSolution
		{CA9B1E6A-85F7-48C8-A970-915B7AC22403}.Debug|Any CPU.ActiveCfg = Debug|Any CPU
		{CA9B1E6A-85F7-48C8-A970-915B7AC22403}.Debug|Any CPU.Build.0 = Debug|Any CPU
		{CA9B1E6A-85F7-48C8-A970-915B7AC22403}.Release|Any CPU.ActiveCfg = Release|Any CPU
		{CA9B1E6A-85F7-48C8-A970-915B7AC22403}.Release|Any CPU.Build.0 = Release|Any CPU
	EndGlobalSection
	GlobalSection(SolutionProperties) = preSolution
		HideSolutionNode = FALSE
	EndGlobalSection
EndGlobal
